
Microsoft Visual Studio Solution File, Format Version 12.00
# Visual Studio Version 17
VisualStudioVersion = 17.2.32602.215
MinimumVisualStudioVersion = 10.0.40219.1
Project("{FAE04EC0-301F-11D3-BF4B-00C04F79EFBC}") = "HelloWorld", "HelloWorld.csproj", "{95DE1681-FBB1-4C41-AA9A-2EBC60B056D7}"
EndProject
Global
	GlobalSection(SolutionConfigurationPlatforms) = preSolution
		Debug|Any CPU = Debug|Any CPU
		Release|Any CPU = Release|Any CPU
	EndGlobalSection
	GlobalSection(ProjectConfigurationPlatforms) = postSolution
		{95DE1681-FBB1-4C41-AA9A-2EBC60B056D7}.Debug|Any CPU.ActiveCfg = Debug|Any CPU
		{95DE1681-FBB1-4C41-AA9A-2EBC60B056D7}.Debug|Any CPU.Build.0 = Debug|Any CPU
		{95DE1681-FBB1-4C41-AA9A-2EBC60B056D7}.Release|Any CPU.ActiveCfg = Release|Any CPU
		{95DE1681-FBB1-4C41-AA9A-2EBC60B056D7}.Release|Any CPU.Build.0 = Release|Any CPU
	EndGlobalSection
	GlobalSection(SolutionProperties) = preSolution
		HideSolutionNode = FALSE
	EndGlobalSection
	GlobalSection(ExtensibilityGlobals) = postSolution
		SolutionGuid = {018F52AB-F763-4B4D-ABFB-B1CF1E9323A1}
	EndGlobalSection
EndGlobal
