
Microsoft Visual Studio Solution File, Format Version 12.00
# Visual Studio Version 17
VisualStudioVersion = 17.2.32602.215
MinimumVisualStudioVersion = 10.0.40219.1
Project("{9A19103F-16F7-4668-BE54-9A1E7A4F7556}") = "helloworld", "helloworld.csproj", "{7AA3A7FC-6C7C-4AC8-99EF-68BC7EA7C34D}"
EndProject
Global
	GlobalSection(SolutionConfigurationPlatforms) = preSolution
		Debug|Any CPU = Debug|Any CPU
		Release|Any CPU = Release|Any CPU
	EndGlobalSection
	GlobalSection(ProjectConfigurationPlatforms) = postSolution
		{7AA3A7FC-6C7C-4AC8-99EF-68BC7EA7C34D}.Debug|Any CPU.ActiveCfg = Debug|Any CPU
		{7AA3A7FC-6C7C-4AC8-99EF-68BC7EA7C34D}.Debug|Any CPU.Build.0 = Debug|Any CPU
		{7AA3A7FC-6C7C-4AC8-99EF-68BC7EA7C34D}.Release|Any CPU.ActiveCfg = Release|Any CPU
		{7AA3A7FC-6C7C-4AC8-99EF-68BC7EA7C34D}.Release|Any CPU.Build.0 = Release|Any CPU
	EndGlobalSection
	GlobalSection(SolutionProperties) = preSolution
		HideSolutionNode = FALSE
	EndGlobalSection
	GlobalSection(ExtensibilityGlobals) = postSolution
		SolutionGuid = {D8E7408E-693D-44AD-8B66-6499418EC89A}
	EndGlobalSection
EndGlobal
